
Microsoft Visual Studio Solution File, Format Version 12.00
# Visual Studio Version 16
VisualStudioVersion = 16.0.31005.135
MinimumVisualStudioVersion = 10.0.40219.1
Project("{FAE04EC0-301F-11D3-BF4B-00C04F79EFBC}") = "Calculator", "Calculator\Calculator.csproj", "{F449EDBE-B60D-4D81-A319-A892D70218C4}"
EndProject
Global
	GlobalSection(SolutionConfigurationPlatforms) = preSolution
		Debug|Any CPU = Debug|Any CPU
		Release|Any CPU = Release|Any CPU
	EndGlobalSection
	GlobalSection(ProjectConfigurationPlatforms) = postSolution
		{F449EDBE-B60D-4D81-A319-A892D70218C4}.Debug|Any CPU.ActiveCfg = Debug|Any CPU
		{F449EDBE-B60D-4D81-A319-A892D70218C4}.Debug|Any CPU.Build.0 = Debug|Any CPU
		{F449EDBE-B60D-4D81-A319-A892D70218C4}.Release|Any CPU.ActiveCfg = Release|Any CPU
		{F449EDBE-B60D-4D81-A319-A892D70218C4}.Release|Any CPU.Build.0 = Release|Any CPU
	EndGlobalSection
	GlobalSection(SolutionProperties) = preSolution
		HideSolutionNode = FALSE
	EndGlobalSection
	GlobalSection(ExtensibilityGlobals) = postSolution
		SolutionGuid = {F0F40C31-6551-46D7-A466-15CBD3BADE13}
	EndGlobalSection
EndGlobal
